
Microsoft Visual Studio Solution File, Format Version 12.00
# Visual Studio Version 17
VisualStudioVersion = 17.7.34031.279
MinimumVisualStudioVersion = 10.0.40219.1
Project("{FAE04EC0-301F-11D3-BF4B-00C04F79EFBC}") = "1480 - Running Sum of 1D Array", "1480 - Running Sum of 1D Array\1480 - Running Sum of 1D Array.csproj", "{703EA83F-5ABD-452F-8C34-96534E358C7A}"
EndProject
Project("{FAE04EC0-301F-11D3-BF4B-00C04F79EFBC}") = "1672 - Richest Customer Wealth", "1672 - Richest Customer Wealth\1672 - Richest Customer Wealth.csproj", "{81128282-D817-4C77-A86A-C6C216F14848}"
EndProject
Project("{FAE04EC0-301F-11D3-BF4B-00C04F79EFBC}") = "0000 - Test Suite", "0000 - Test Suite\0000 - Test Suite.csproj", "{6E2B9AA2-9AC4-4089-A685-AF2E4E480855}"
EndProject
Global
	GlobalSection(SolutionConfigurationPlatforms) = preSolution
		Debug|Any CPU = Debug|Any CPU
		Release|Any CPU = Release|Any CPU
	EndGlobalSection
	GlobalSection(ProjectConfigurationPlatforms) = postSolution
		{703EA83F-5ABD-452F-8C34-96534E358C7A}.Debug|Any CPU.ActiveCfg = Debug|Any CPU
		{703EA83F-5ABD-452F-8C34-96534E358C7A}.Debug|Any CPU.Build.0 = Debug|Any CPU
		{703EA83F-5ABD-452F-8C34-96534E358C7A}.Release|Any CPU.ActiveCfg = Release|Any CPU
		{703EA83F-5ABD-452F-8C34-96534E358C7A}.Release|Any CPU.Build.0 = Release|Any CPU
		{81128282-D817-4C77-A86A-C6C216F14848}.Debug|Any CPU.ActiveCfg = Debug|Any CPU
		{81128282-D817-4C77-A86A-C6C216F14848}.Debug|Any CPU.Build.0 = Debug|Any CPU
		{81128282-D817-4C77-A86A-C6C216F14848}.Release|Any CPU.ActiveCfg = Release|Any CPU
		{81128282-D817-4C77-A86A-C6C216F14848}.Release|Any CPU.Build.0 = Release|Any CPU
		{6E2B9AA2-9AC4-4089-A685-AF2E4E480855}.Debug|Any CPU.ActiveCfg = Debug|Any CPU
		{6E2B9AA2-9AC4-4089-A685-AF2E4E480855}.Debug|Any CPU.Build.0 = Debug|Any CPU
		{6E2B9AA2-9AC4-4089-A685-AF2E4E480855}.Release|Any CPU.ActiveCfg = Release|Any CPU
		{6E2B9AA2-9AC4-4089-A685-AF2E4E480855}.Release|Any CPU.Build.0 = Release|Any CPU
	EndGlobalSection
	GlobalSection(SolutionProperties) = preSolution
		HideSolutionNode = FALSE
	EndGlobalSection
	GlobalSection(ExtensibilityGlobals) = postSolution
		SolutionGuid = {19A2B00B-57B7-4622-BC1D-4A554703C334}
	EndGlobalSection
EndGlobal
